
Microsoft Visual Studio Solution File, Format Version 12.00
# Visual Studio Version 17
VisualStudioVersion = 17.14.36109.1 d17.14
MinimumVisualStudioVersion = 10.0.40219.1
Project("{FAE04EC0-301F-11D3-BF4B-00C04F79EFBC}") = "DemoApi", "DemoApi\DemoApi.csproj", "{4AAA5689-68D7-4CCF-A5BB-0A314927AD88}"
EndProject
Global
	GlobalSection(SolutionConfigurationPlatforms) = preSolution
		Debug|Any CPU = Debug|Any CPU
		Release|Any CPU = Release|Any CPU
	EndGlobalSection
	GlobalSection(ProjectConfigurationPlatforms) = postSolution
		{4AAA5689-68D7-4CCF-A5BB-0A314927AD88}.Debug|Any CPU.ActiveCfg = Debug|Any CPU
		{4AAA5689-68D7-4CCF-A5BB-0A314927AD88}.Debug|Any CPU.Build.0 = Debug|Any CPU
		{4AAA5689-68D7-4CCF-A5BB-0A314927AD88}.Release|Any CPU.ActiveCfg = Release|Any CPU
		{4AAA5689-68D7-4CCF-A5BB-0A314927AD88}.Release|Any CPU.Build.0 = Release|Any CPU
	EndGlobalSection
	GlobalSection(SolutionProperties) = preSolution
		HideSolutionNode = FALSE
	EndGlobalSection
	GlobalSection(ExtensibilityGlobals) = postSolution
		SolutionGuid = {70185C79-A1A0-45C0-BD8D-9FE5208178DC}
	EndGlobalSection
EndGlobal
